Microsoft Visual Studio Solution File, Format Version 12.00
# Visual Studio 15
Project("{2150E333-8FDC-42A3-9474-1A3956D46DE8}") = "cmake", "cmake", "{36157898-BB86-3339-A074-DDB86365D9CC}"
EndProject
Project("{2150E333-8FDC-42A3-9474-1A3956D46DE8}") = "files", "files", "{32AE9107-463B-3A44-B8C3-0CA4CC7C5865}"
EndProject
Project("{2150E333-8FDC-42A3-9474-1A3956D46DE8}") = "tools", "tools", "{F213FC14-E037-358C-8562-FF52F8A96F9C}"
EndProject
Project("{8BC9CEB8-8B4A-11D0-8D11-00A0C91BC942}") = "ALL_BUILD", "build/ALL_BUILD.vcxproj", "{C4FFA683-CEE5-351E-ACDC-E8D45F373511}"
	ProjectSection(ProjectDependencies) = postProject
		{894F8980-1AE2-3D08-A3D4-81C8BC7A4508} = {894F8980-1AE2-3D08-A3D4-81C8BC7A4508}
		{0B8E7CBF-8CC0-3BE9-892D-E3FED82D89A3} = {0B8E7CBF-8CC0-3BE9-892D-E3FED82D89A3}
		{FE959577-16D4-3887-8E50-08831C12371B} = {FE959577-16D4-3887-8E50-08831C12371B}
	EndProjectSection
EndProject
Project("{8BC9CEB8-8B4A-11D0-8D11-00A0C91BC942}") = "PACKAGE", "build/PACKAGE.vcxproj", "{9BCDFB0A-DBCD-3330-A798-A4A3251BF0C8}"
	ProjectSection(ProjectDependencies) = postProject
		{C4FFA683-CEE5-351E-ACDC-E8D45F373511} = {C4FFA683-CEE5-351E-ACDC-E8D45F373511}
		{894F8980-1AE2-3D08-A3D4-81C8BC7A4508} = {894F8980-1AE2-3D08-A3D4-81C8BC7A4508}
	EndProjectSection
EndProject
Project("{8BC9CEB8-8B4A-11D0-8D11-00A0C91BC942}") = "ZERO_CHECK", "build/ZERO_CHECK.vcxproj", "{894F8980-1AE2-3D08-A3D4-81C8BC7A4508}"
	ProjectSection(ProjectDependencies) = postProject
	EndProjectSection
EndProject
Project("{8BC9CEB8-8B4A-11D0-8D11-00A0C91BC942}") = "about", "build/about.vcxproj", "{0B8E7CBF-8CC0-3BE9-892D-E3FED82D89A3}"
	ProjectSection(ProjectDependencies) = postProject
		{894F8980-1AE2-3D08-A3D4-81C8BC7A4508} = {894F8980-1AE2-3D08-A3D4-81C8BC7A4508}
	EndProjectSection
EndProject
Project("{8BC9CEB8-8B4A-11D0-8D11-00A0C91BC942}") = "dimtsc", "build/dimtsc.vcxproj", "{FE959577-16D4-3887-8E50-08831C12371B}"
	ProjectSection(ProjectDependencies) = postProject
		{894F8980-1AE2-3D08-A3D4-81C8BC7A4508} = {894F8980-1AE2-3D08-A3D4-81C8BC7A4508}
	EndProjectSection
EndProject
Global
	GlobalSection(SolutionConfigurationPlatforms) = preSolution
		Debug|x64 = Debug|x64
		Release|x64 = Release|x64
	EndGlobalSection
	GlobalSection(ProjectConfigurationPlatforms) = postSolution
		{C4FFA683-CEE5-351E-ACDC-E8D45F373511}.Debug|x64.ActiveCfg = Debug|x64
		{C4FFA683-CEE5-351E-ACDC-E8D45F373511}.Debug|x64.Build.0 = Debug|x64
		{C4FFA683-CEE5-351E-ACDC-E8D45F373511}.Release|x64.ActiveCfg = Release|x64
		{C4FFA683-CEE5-351E-ACDC-E8D45F373511}.Release|x64.Build.0 = Release|x64
		{9BCDFB0A-DBCD-3330-A798-A4A3251BF0C8}.Debug|x64.ActiveCfg = Debug|x64
		{9BCDFB0A-DBCD-3330-A798-A4A3251BF0C8}.Release|x64.ActiveCfg = Release|x64
		{894F8980-1AE2-3D08-A3D4-81C8BC7A4508}.Debug|x64.ActiveCfg = Debug|x64
		{894F8980-1AE2-3D08-A3D4-81C8BC7A4508}.Debug|x64.Build.0 = Debug|x64
		{894F8980-1AE2-3D08-A3D4-81C8BC7A4508}.Release|x64.ActiveCfg = Release|x64
		{894F8980-1AE2-3D08-A3D4-81C8BC7A4508}.Release|x64.Build.0 = Release|x64
		{0B8E7CBF-8CC0-3BE9-892D-E3FED82D89A3}.Debug|x64.ActiveCfg = Debug|x64
		{0B8E7CBF-8CC0-3BE9-892D-E3FED82D89A3}.Debug|x64.Build.0 = Debug|x64
		{0B8E7CBF-8CC0-3BE9-892D-E3FED82D89A3}.Release|x64.ActiveCfg = Release|x64
		{0B8E7CBF-8CC0-3BE9-892D-E3FED82D89A3}.Release|x64.Build.0 = Release|x64
		{FE959577-16D4-3887-8E50-08831C12371B}.Debug|x64.ActiveCfg = Debug|x64
		{FE959577-16D4-3887-8E50-08831C12371B}.Debug|x64.Build.0 = Debug|x64
		{FE959577-16D4-3887-8E50-08831C12371B}.Release|x64.ActiveCfg = Release|x64
		{FE959577-16D4-3887-8E50-08831C12371B}.Release|x64.Build.0 = Release|x64
	EndGlobalSection
	GlobalSection(NestedProjects) = preSolution
		{C4FFA683-CEE5-351E-ACDC-E8D45F373511} = {36157898-BB86-3339-A074-DDB86365D9CC}
		{9BCDFB0A-DBCD-3330-A798-A4A3251BF0C8} = {36157898-BB86-3339-A074-DDB86365D9CC}
		{894F8980-1AE2-3D08-A3D4-81C8BC7A4508} = {36157898-BB86-3339-A074-DDB86365D9CC}
		{0B8E7CBF-8CC0-3BE9-892D-E3FED82D89A3} = {32AE9107-463B-3A44-B8C3-0CA4CC7C5865}
		{FE959577-16D4-3887-8E50-08831C12371B} = {F213FC14-E037-358C-8562-FF52F8A96F9C}
	EndGlobalSection
	GlobalSection(ExtensibilityGlobals) = postSolution
		SolutionGuid = {5EFBB834-7793-3419-B50B-8BA29E265F27}
	EndGlobalSection
	GlobalSection(ExtensibilityAddIns) = postSolution
	EndGlobalSection
EndGlobal
