Microsoft Visual Studio Solution File, Format Version 12.00
# Visual Studio 15
Project("{2150E333-8FDC-42A3-9474-1A3956D46DE8}") = "cmake", "cmake", "{36157898-BB86-3339-A074-DDB86365D9CC}"
EndProject
Project("{2150E333-8FDC-42A3-9474-1A3956D46DE8}") = "files", "files", "{32AE9107-463B-3A44-B8C3-0CA4CC7C5865}"
EndProject
Project("{2150E333-8FDC-42A3-9474-1A3956D46DE8}") = "libs", "libs", "{1AB321F0-33DC-3236-89D4-A6FC911F5A8B}"
EndProject
Project("{2150E333-8FDC-42A3-9474-1A3956D46DE8}") = "tools", "tools", "{F213FC14-E037-358C-8562-FF52F8A96F9C}"
EndProject
Project("{8BC9CEB8-8B4A-11D0-8D11-00A0C91BC942}") = "ALL_BUILD", "build/ALL_BUILD.vcxproj", "{C4FFA683-CEE5-351E-ACDC-E8D45F373511}"
	ProjectSection(ProjectDependencies) = postProject
		{894F8980-1AE2-3D08-A3D4-81C8BC7A4508} = {894F8980-1AE2-3D08-A3D4-81C8BC7A4508}
		{0B8E7CBF-8CC0-3BE9-892D-E3FED82D89A3} = {0B8E7CBF-8CC0-3BE9-892D-E3FED82D89A3}
		{BECF5532-FDCD-3977-A74B-1EC957136A58} = {BECF5532-FDCD-3977-A74B-1EC957136A58}
		{E078A4C1-ABCE-344B-8839-0DED4DCD9BAB} = {E078A4C1-ABCE-344B-8839-0DED4DCD9BAB}
		{E573C327-0348-3250-9334-7049BCE56C94} = {E573C327-0348-3250-9334-7049BCE56C94}
		{410A1BC3-6F25-31E1-AEFA-DC6D6396A65E} = {410A1BC3-6F25-31E1-AEFA-DC6D6396A65E}
		{4BA01DAF-56AB-37D0-98AA-C1A2B18AF6C4} = {4BA01DAF-56AB-37D0-98AA-C1A2B18AF6C4}
		{F8A8B06E-AC4A-3D46-BD9F-654C8611429F} = {F8A8B06E-AC4A-3D46-BD9F-654C8611429F}
		{55F85508-048A-3066-BACA-8C41ABF976D1} = {55F85508-048A-3066-BACA-8C41ABF976D1}
		{93A74867-EED9-3690-9F76-3D9B5F033942} = {93A74867-EED9-3690-9F76-3D9B5F033942}
		{E9A957CC-5CC0-32DE-967C-DD8EC1CC7622} = {E9A957CC-5CC0-32DE-967C-DD8EC1CC7622}
		{E38EE366-3A04-3F50-A0C3-1EAEB1EA4FA7} = {E38EE366-3A04-3F50-A0C3-1EAEB1EA4FA7}
		{419E48C1-3C2E-3A5C-918C-E94998B97F38} = {419E48C1-3C2E-3A5C-918C-E94998B97F38}
		{F69A0D49-E2E0-3C30-9C2B-B1C9CA5BA58D} = {F69A0D49-E2E0-3C30-9C2B-B1C9CA5BA58D}
		{1AC0E7CB-56EB-3884-A8A0-7E8EA1F84C55} = {1AC0E7CB-56EB-3884-A8A0-7E8EA1F84C55}
		{FE959577-16D4-3887-8E50-08831C12371B} = {FE959577-16D4-3887-8E50-08831C12371B}
	EndProjectSection
EndProject
Project("{8BC9CEB8-8B4A-11D0-8D11-00A0C91BC942}") = "PACKAGE", "build/PACKAGE.vcxproj", "{9BCDFB0A-DBCD-3330-A798-A4A3251BF0C8}"
	ProjectSection(ProjectDependencies) = postProject
		{C4FFA683-CEE5-351E-ACDC-E8D45F373511} = {C4FFA683-CEE5-351E-ACDC-E8D45F373511}
		{894F8980-1AE2-3D08-A3D4-81C8BC7A4508} = {894F8980-1AE2-3D08-A3D4-81C8BC7A4508}
	EndProjectSection
EndProject
Project("{8BC9CEB8-8B4A-11D0-8D11-00A0C91BC942}") = "ZERO_CHECK", "build/ZERO_CHECK.vcxproj", "{894F8980-1AE2-3D08-A3D4-81C8BC7A4508}"
	ProjectSection(ProjectDependencies) = postProject
	EndProjectSection
EndProject
Project("{8BC9CEB8-8B4A-11D0-8D11-00A0C91BC942}") = "about", "build/about.vcxproj", "{0B8E7CBF-8CC0-3BE9-892D-E3FED82D89A3}"
	ProjectSection(ProjectDependencies) = postProject
		{894F8980-1AE2-3D08-A3D4-81C8BC7A4508} = {894F8980-1AE2-3D08-A3D4-81C8BC7A4508}
	EndProjectSection
EndProject
Project("{8BC9CEB8-8B4A-11D0-8D11-00A0C91BC942}") = "dimapp-app", "build/vendor\dimapp\dimapp-app.vcxproj", "{BECF5532-FDCD-3977-A74B-1EC957136A58}"
	ProjectSection(ProjectDependencies) = postProject
		{894F8980-1AE2-3D08-A3D4-81C8BC7A4508} = {894F8980-1AE2-3D08-A3D4-81C8BC7A4508}
	EndProjectSection
EndProject
Project("{8BC9CEB8-8B4A-11D0-8D11-00A0C91BC942}") = "dimapp-core", "build/vendor\dimapp\dimapp-core.vcxproj", "{E078A4C1-ABCE-344B-8839-0DED4DCD9BAB}"
	ProjectSection(ProjectDependencies) = postProject
		{894F8980-1AE2-3D08-A3D4-81C8BC7A4508} = {894F8980-1AE2-3D08-A3D4-81C8BC7A4508}
	EndProjectSection
EndProject
Project("{8BC9CEB8-8B4A-11D0-8D11-00A0C91BC942}") = "dimapp-cppconf", "build/vendor\dimapp\dimapp-cppconf.vcxproj", "{E573C327-0348-3250-9334-7049BCE56C94}"
	ProjectSection(ProjectDependencies) = postProject
		{894F8980-1AE2-3D08-A3D4-81C8BC7A4508} = {894F8980-1AE2-3D08-A3D4-81C8BC7A4508}
	EndProjectSection
EndProject
Project("{8BC9CEB8-8B4A-11D0-8D11-00A0C91BC942}") = "dimapp-file", "build/vendor\dimapp\dimapp-file.vcxproj", "{410A1BC3-6F25-31E1-AEFA-DC6D6396A65E}"
	ProjectSection(ProjectDependencies) = postProject
		{894F8980-1AE2-3D08-A3D4-81C8BC7A4508} = {894F8980-1AE2-3D08-A3D4-81C8BC7A4508}
	EndProjectSection
EndProject
Project("{8BC9CEB8-8B4A-11D0-8D11-00A0C91BC942}") = "dimapp-json", "build/vendor\dimapp\dimapp-json.vcxproj", "{4BA01DAF-56AB-37D0-98AA-C1A2B18AF6C4}"
	ProjectSection(ProjectDependencies) = postProject
		{894F8980-1AE2-3D08-A3D4-81C8BC7A4508} = {894F8980-1AE2-3D08-A3D4-81C8BC7A4508}
	EndProjectSection
EndProject
Project("{8BC9CEB8-8B4A-11D0-8D11-00A0C91BC942}") = "dimapp-msgpack", "build/vendor\dimapp\dimapp-msgpack.vcxproj", "{F8A8B06E-AC4A-3D46-BD9F-654C8611429F}"
	ProjectSection(ProjectDependencies) = postProject
		{894F8980-1AE2-3D08-A3D4-81C8BC7A4508} = {894F8980-1AE2-3D08-A3D4-81C8BC7A4508}
	EndProjectSection
EndProject
Project("{8BC9CEB8-8B4A-11D0-8D11-00A0C91BC942}") = "dimapp-net", "build/vendor\dimapp\dimapp-net.vcxproj", "{55F85508-048A-3066-BACA-8C41ABF976D1}"
	ProjectSection(ProjectDependencies) = postProject
		{894F8980-1AE2-3D08-A3D4-81C8BC7A4508} = {894F8980-1AE2-3D08-A3D4-81C8BC7A4508}
	EndProjectSection
EndProject
Project("{8BC9CEB8-8B4A-11D0-8D11-00A0C91BC942}") = "dimapp-system", "build/vendor\dimapp\dimapp-system.vcxproj", "{93A74867-EED9-3690-9F76-3D9B5F033942}"
	ProjectSection(ProjectDependencies) = postProject
		{894F8980-1AE2-3D08-A3D4-81C8BC7A4508} = {894F8980-1AE2-3D08-A3D4-81C8BC7A4508}
	EndProjectSection
EndProject
Project("{8BC9CEB8-8B4A-11D0-8D11-00A0C91BC942}") = "dimapp-tls", "build/vendor\dimapp\dimapp-tls.vcxproj", "{E9A957CC-5CC0-32DE-967C-DD8EC1CC7622}"
	ProjectSection(ProjectDependencies) = postProject
		{894F8980-1AE2-3D08-A3D4-81C8BC7A4508} = {894F8980-1AE2-3D08-A3D4-81C8BC7A4508}
	EndProjectSection
EndProject
Project("{8BC9CEB8-8B4A-11D0-8D11-00A0C91BC942}") = "dimapp-win", "build/vendor\dimapp\dimapp-win.vcxproj", "{E38EE366-3A04-3F50-A0C3-1EAEB1EA4FA7}"
	ProjectSection(ProjectDependencies) = postProject
		{894F8980-1AE2-3D08-A3D4-81C8BC7A4508} = {894F8980-1AE2-3D08-A3D4-81C8BC7A4508}
	EndProjectSection
EndProject
Project("{8BC9CEB8-8B4A-11D0-8D11-00A0C91BC942}") = "dimapp-wintls", "build/vendor\dimapp\dimapp-wintls.vcxproj", "{419E48C1-3C2E-3A5C-918C-E94998B97F38}"
	ProjectSection(ProjectDependencies) = postProject
		{894F8980-1AE2-3D08-A3D4-81C8BC7A4508} = {894F8980-1AE2-3D08-A3D4-81C8BC7A4508}
	EndProjectSection
EndProject
Project("{8BC9CEB8-8B4A-11D0-8D11-00A0C91BC942}") = "dimapp-xml", "build/vendor\dimapp\dimapp-xml.vcxproj", "{F69A0D49-E2E0-3C30-9C2B-B1C9CA5BA58D}"
	ProjectSection(ProjectDependencies) = postProject
		{894F8980-1AE2-3D08-A3D4-81C8BC7A4508} = {894F8980-1AE2-3D08-A3D4-81C8BC7A4508}
	EndProjectSection
EndProject
Project("{8BC9CEB8-8B4A-11D0-8D11-00A0C91BC942}") = "dimcli", "build/vendor\dimcli\dimcli.vcxproj", "{1AC0E7CB-56EB-3884-A8A0-7E8EA1F84C55}"
	ProjectSection(ProjectDependencies) = postProject
		{894F8980-1AE2-3D08-A3D4-81C8BC7A4508} = {894F8980-1AE2-3D08-A3D4-81C8BC7A4508}
	EndProjectSection
EndProject
Project("{8BC9CEB8-8B4A-11D0-8D11-00A0C91BC942}") = "dimtsc", "build/dimtsc.vcxproj", "{FE959577-16D4-3887-8E50-08831C12371B}"
	ProjectSection(ProjectDependencies) = postProject
		{894F8980-1AE2-3D08-A3D4-81C8BC7A4508} = {894F8980-1AE2-3D08-A3D4-81C8BC7A4508}
		{BECF5532-FDCD-3977-A74B-1EC957136A58} = {BECF5532-FDCD-3977-A74B-1EC957136A58}
		{E078A4C1-ABCE-344B-8839-0DED4DCD9BAB} = {E078A4C1-ABCE-344B-8839-0DED4DCD9BAB}
		{410A1BC3-6F25-31E1-AEFA-DC6D6396A65E} = {410A1BC3-6F25-31E1-AEFA-DC6D6396A65E}
		{4BA01DAF-56AB-37D0-98AA-C1A2B18AF6C4} = {4BA01DAF-56AB-37D0-98AA-C1A2B18AF6C4}
		{F8A8B06E-AC4A-3D46-BD9F-654C8611429F} = {F8A8B06E-AC4A-3D46-BD9F-654C8611429F}
		{55F85508-048A-3066-BACA-8C41ABF976D1} = {55F85508-048A-3066-BACA-8C41ABF976D1}
		{93A74867-EED9-3690-9F76-3D9B5F033942} = {93A74867-EED9-3690-9F76-3D9B5F033942}
		{E9A957CC-5CC0-32DE-967C-DD8EC1CC7622} = {E9A957CC-5CC0-32DE-967C-DD8EC1CC7622}
		{E38EE366-3A04-3F50-A0C3-1EAEB1EA4FA7} = {E38EE366-3A04-3F50-A0C3-1EAEB1EA4FA7}
		{419E48C1-3C2E-3A5C-918C-E94998B97F38} = {419E48C1-3C2E-3A5C-918C-E94998B97F38}
		{F69A0D49-E2E0-3C30-9C2B-B1C9CA5BA58D} = {F69A0D49-E2E0-3C30-9C2B-B1C9CA5BA58D}
		{1AC0E7CB-56EB-3884-A8A0-7E8EA1F84C55} = {1AC0E7CB-56EB-3884-A8A0-7E8EA1F84C55}
	EndProjectSection
EndProject
Global
	GlobalSection(SolutionConfigurationPlatforms) = preSolution
		Debug|x64 = Debug|x64
		Release|x64 = Release|x64
	EndGlobalSection
	GlobalSection(ProjectConfigurationPlatforms) = postSolution
		{C4FFA683-CEE5-351E-ACDC-E8D45F373511}.Debug|x64.ActiveCfg = Debug|x64
		{C4FFA683-CEE5-351E-ACDC-E8D45F373511}.Debug|x64.Build.0 = Debug|x64
		{C4FFA683-CEE5-351E-ACDC-E8D45F373511}.Release|x64.ActiveCfg = Release|x64
		{C4FFA683-CEE5-351E-ACDC-E8D45F373511}.Release|x64.Build.0 = Release|x64
		{9BCDFB0A-DBCD-3330-A798-A4A3251BF0C8}.Debug|x64.ActiveCfg = Debug|x64
		{9BCDFB0A-DBCD-3330-A798-A4A3251BF0C8}.Release|x64.ActiveCfg = Release|x64
		{894F8980-1AE2-3D08-A3D4-81C8BC7A4508}.Debug|x64.ActiveCfg = Debug|x64
		{894F8980-1AE2-3D08-A3D4-81C8BC7A4508}.Debug|x64.Build.0 = Debug|x64
		{894F8980-1AE2-3D08-A3D4-81C8BC7A4508}.Release|x64.ActiveCfg = Release|x64
		{894F8980-1AE2-3D08-A3D4-81C8BC7A4508}.Release|x64.Build.0 = Release|x64
		{0B8E7CBF-8CC0-3BE9-892D-E3FED82D89A3}.Debug|x64.ActiveCfg = Debug|x64
		{0B8E7CBF-8CC0-3BE9-892D-E3FED82D89A3}.Debug|x64.Build.0 = Debug|x64
		{0B8E7CBF-8CC0-3BE9-892D-E3FED82D89A3}.Release|x64.ActiveCfg = Release|x64
		{0B8E7CBF-8CC0-3BE9-892D-E3FED82D89A3}.Release|x64.Build.0 = Release|x64
		{BECF5532-FDCD-3977-A74B-1EC957136A58}.Debug|x64.ActiveCfg = Debug|x64
		{BECF5532-FDCD-3977-A74B-1EC957136A58}.Debug|x64.Build.0 = Debug|x64
		{BECF5532-FDCD-3977-A74B-1EC957136A58}.Release|x64.ActiveCfg = Release|x64
		{BECF5532-FDCD-3977-A74B-1EC957136A58}.Release|x64.Build.0 = Release|x64
		{E078A4C1-ABCE-344B-8839-0DED4DCD9BAB}.Debug|x64.ActiveCfg = Debug|x64
		{E078A4C1-ABCE-344B-8839-0DED4DCD9BAB}.Debug|x64.Build.0 = Debug|x64
		{E078A4C1-ABCE-344B-8839-0DED4DCD9BAB}.Release|x64.ActiveCfg = Release|x64
		{E078A4C1-ABCE-344B-8839-0DED4DCD9BAB}.Release|x64.Build.0 = Release|x64
		{E573C327-0348-3250-9334-7049BCE56C94}.Debug|x64.ActiveCfg = Debug|x64
		{E573C327-0348-3250-9334-7049BCE56C94}.Debug|x64.Build.0 = Debug|x64
		{E573C327-0348-3250-9334-7049BCE56C94}.Release|x64.ActiveCfg = Release|x64
		{E573C327-0348-3250-9334-7049BCE56C94}.Release|x64.Build.0 = Release|x64
		{410A1BC3-6F25-31E1-AEFA-DC6D6396A65E}.Debug|x64.ActiveCfg = Debug|x64
		{410A1BC3-6F25-31E1-AEFA-DC6D6396A65E}.Debug|x64.Build.0 = Debug|x64
		{410A1BC3-6F25-31E1-AEFA-DC6D6396A65E}.Release|x64.ActiveCfg = Release|x64
		{410A1BC3-6F25-31E1-AEFA-DC6D6396A65E}.Release|x64.Build.0 = Release|x64
		{4BA01DAF-56AB-37D0-98AA-C1A2B18AF6C4}.Debug|x64.ActiveCfg = Debug|x64
		{4BA01DAF-56AB-37D0-98AA-C1A2B18AF6C4}.Debug|x64.Build.0 = Debug|x64
		{4BA01DAF-56AB-37D0-98AA-C1A2B18AF6C4}.Release|x64.ActiveCfg = Release|x64
		{4BA01DAF-56AB-37D0-98AA-C1A2B18AF6C4}.Release|x64.Build.0 = Release|x64
		{F8A8B06E-AC4A-3D46-BD9F-654C8611429F}.Debug|x64.ActiveCfg = Debug|x64
		{F8A8B06E-AC4A-3D46-BD9F-654C8611429F}.Debug|x64.Build.0 = Debug|x64
		{F8A8B06E-AC4A-3D46-BD9F-654C8611429F}.Release|x64.ActiveCfg = Release|x64
		{F8A8B06E-AC4A-3D46-BD9F-654C8611429F}.Release|x64.Build.0 = Release|x64
		{55F85508-048A-3066-BACA-8C41ABF976D1}.Debug|x64.ActiveCfg = Debug|x64
		{55F85508-048A-3066-BACA-8C41ABF976D1}.Debug|x64.Build.0 = Debug|x64
		{55F85508-048A-3066-BACA-8C41ABF976D1}.Release|x64.ActiveCfg = Release|x64
		{55F85508-048A-3066-BACA-8C41ABF976D1}.Release|x64.Build.0 = Release|x64
		{93A74867-EED9-3690-9F76-3D9B5F033942}.Debug|x64.ActiveCfg = Debug|x64
		{93A74867-EED9-3690-9F76-3D9B5F033942}.Debug|x64.Build.0 = Debug|x64
		{93A74867-EED9-3690-9F76-3D9B5F033942}.Release|x64.ActiveCfg = Release|x64
		{93A74867-EED9-3690-9F76-3D9B5F033942}.Release|x64.Build.0 = Release|x64
		{E9A957CC-5CC0-32DE-967C-DD8EC1CC7622}.Debug|x64.ActiveCfg = Debug|x64
		{E9A957CC-5CC0-32DE-967C-DD8EC1CC7622}.Debug|x64.Build.0 = Debug|x64
		{E9A957CC-5CC0-32DE-967C-DD8EC1CC7622}.Release|x64.ActiveCfg = Release|x64
		{E9A957CC-5CC0-32DE-967C-DD8EC1CC7622}.Release|x64.Build.0 = Release|x64
		{E38EE366-3A04-3F50-A0C3-1EAEB1EA4FA7}.Debug|x64.ActiveCfg = Debug|x64
		{E38EE366-3A04-3F50-A0C3-1EAEB1EA4FA7}.Debug|x64.Build.0 = Debug|x64
		{E38EE366-3A04-3F50-A0C3-1EAEB1EA4FA7}.Release|x64.ActiveCfg = Release|x64
		{E38EE366-3A04-3F50-A0C3-1EAEB1EA4FA7}.Release|x64.Build.0 = Release|x64
		{419E48C1-3C2E-3A5C-918C-E94998B97F38}.Debug|x64.ActiveCfg = Debug|x64
		{419E48C1-3C2E-3A5C-918C-E94998B97F38}.Debug|x64.Build.0 = Debug|x64
		{419E48C1-3C2E-3A5C-918C-E94998B97F38}.Release|x64.ActiveCfg = Release|x64
		{419E48C1-3C2E-3A5C-918C-E94998B97F38}.Release|x64.Build.0 = Release|x64
		{F69A0D49-E2E0-3C30-9C2B-B1C9CA5BA58D}.Debug|x64.ActiveCfg = Debug|x64
		{F69A0D49-E2E0-3C30-9C2B-B1C9CA5BA58D}.Debug|x64.Build.0 = Debug|x64
		{F69A0D49-E2E0-3C30-9C2B-B1C9CA5BA58D}.Release|x64.ActiveCfg = Release|x64
		{F69A0D49-E2E0-3C30-9C2B-B1C9CA5BA58D}.Release|x64.Build.0 = Release|x64
		{1AC0E7CB-56EB-3884-A8A0-7E8EA1F84C55}.Debug|x64.ActiveCfg = Debug|x64
		{1AC0E7CB-56EB-3884-A8A0-7E8EA1F84C55}.Debug|x64.Build.0 = Debug|x64
		{1AC0E7CB-56EB-3884-A8A0-7E8EA1F84C55}.Release|x64.ActiveCfg = Release|x64
		{1AC0E7CB-56EB-3884-A8A0-7E8EA1F84C55}.Release|x64.Build.0 = Release|x64
		{FE959577-16D4-3887-8E50-08831C12371B}.Debug|x64.ActiveCfg = Debug|x64
		{FE959577-16D4-3887-8E50-08831C12371B}.Debug|x64.Build.0 = Debug|x64
		{FE959577-16D4-3887-8E50-08831C12371B}.Release|x64.ActiveCfg = Release|x64
		{FE959577-16D4-3887-8E50-08831C12371B}.Release|x64.Build.0 = Release|x64
	EndGlobalSection
	GlobalSection(NestedProjects) = preSolution
		{C4FFA683-CEE5-351E-ACDC-E8D45F373511} = {36157898-BB86-3339-A074-DDB86365D9CC}
		{9BCDFB0A-DBCD-3330-A798-A4A3251BF0C8} = {36157898-BB86-3339-A074-DDB86365D9CC}
		{894F8980-1AE2-3D08-A3D4-81C8BC7A4508} = {36157898-BB86-3339-A074-DDB86365D9CC}
		{0B8E7CBF-8CC0-3BE9-892D-E3FED82D89A3} = {32AE9107-463B-3A44-B8C3-0CA4CC7C5865}
		{BECF5532-FDCD-3977-A74B-1EC957136A58} = {1AB321F0-33DC-3236-89D4-A6FC911F5A8B}
		{E078A4C1-ABCE-344B-8839-0DED4DCD9BAB} = {1AB321F0-33DC-3236-89D4-A6FC911F5A8B}
		{E573C327-0348-3250-9334-7049BCE56C94} = {1AB321F0-33DC-3236-89D4-A6FC911F5A8B}
		{410A1BC3-6F25-31E1-AEFA-DC6D6396A65E} = {1AB321F0-33DC-3236-89D4-A6FC911F5A8B}
		{4BA01DAF-56AB-37D0-98AA-C1A2B18AF6C4} = {1AB321F0-33DC-3236-89D4-A6FC911F5A8B}
		{F8A8B06E-AC4A-3D46-BD9F-654C8611429F} = {1AB321F0-33DC-3236-89D4-A6FC911F5A8B}
		{55F85508-048A-3066-BACA-8C41ABF976D1} = {1AB321F0-33DC-3236-89D4-A6FC911F5A8B}
		{93A74867-EED9-3690-9F76-3D9B5F033942} = {1AB321F0-33DC-3236-89D4-A6FC911F5A8B}
		{E9A957CC-5CC0-32DE-967C-DD8EC1CC7622} = {1AB321F0-33DC-3236-89D4-A6FC911F5A8B}
		{E38EE366-3A04-3F50-A0C3-1EAEB1EA4FA7} = {1AB321F0-33DC-3236-89D4-A6FC911F5A8B}
		{419E48C1-3C2E-3A5C-918C-E94998B97F38} = {1AB321F0-33DC-3236-89D4-A6FC911F5A8B}
		{F69A0D49-E2E0-3C30-9C2B-B1C9CA5BA58D} = {1AB321F0-33DC-3236-89D4-A6FC911F5A8B}
		{1AC0E7CB-56EB-3884-A8A0-7E8EA1F84C55} = {1AB321F0-33DC-3236-89D4-A6FC911F5A8B}
		{FE959577-16D4-3887-8E50-08831C12371B} = {F213FC14-E037-358C-8562-FF52F8A96F9C}
	EndGlobalSection
	GlobalSection(ExtensibilityGlobals) = postSolution
		SolutionGuid = {5EFBB834-7793-3419-B50B-8BA29E265F27}
	EndGlobalSection
	GlobalSection(ExtensibilityAddIns) = postSolution
	EndGlobalSection
EndGlobal
